{
  "name": "stylelint-config-twbs-bootstrap",
  "version": "0.5.0",
  "lockfileVersion": 1,
  "requires": true,
  "dependencies": {
    "ansi-styles": {
      "version": "3.2.1",
      "resolved": "https://registry.npmjs.org/ansi-styles/-/ansi-styles-3.2.1.tgz",
      "integrity": "sha512-VT0ZI6kZRdTh8YyJw3SMbYm/u+NqfsAxEpWO0Pf9sq8/e94WxxOpPKx9FR1FlyCtOVDNOQ+8ntlqFxiRc+r5qA==",
      "requires": {
        "color-convert": "^1.9.0"
      }
    },
    "chalk": {
      "version": "2.4.2",
      "resolved": "https://registry.npmjs.org/chalk/-/chalk-2.4.2.tgz",
      "integrity": "sha512-Mti+f9lpJNcwF4tWV8/OrTTtF1gZi+f8FqlyAdouralcFWFQWF2+NgCHShjkCb+IFBLq9buZwE1xckQU4peSuQ==",
      "requires": {
        "ansi-styles": "^3.2.1",
        "escape-string-regexp": "^1.0.5",
        "supports-color": "^5.3.0"
      },
      "dependencies": {
        "supports-color": {
          "version": "5.5.0",
          "resolved": "https://registry.npmjs.org/supports-color/-/supports-color-5.5.0.tgz",
          "integrity": "sha512-QjVjwdXIt408MIiAqCX4oUKsgU2EqAGzs2Ppkm4aQYbjm+ZEWEcW4SfFNTr4uMNZma0ey4f5lgLrkB0aX0QMow==",
          "requires": {
            "has-flag": "^3.0.0"
          }
        }
      }
    },
    "color-convert": {
      "version": "1.9.3",
      "resolved": "https://registry.npmjs.org/color-convert/-/color-convert-1.9.3.tgz",
      "integrity": "sha512-QfAUtd+vFdAtFQcC8CCyYt1fYWxSqAiK2cSD6zDB8N3cpsEBAvRxp9zOGg6G/SHHJYAT88/az/IuDGALsNVbGg==",
      "requires": {
        "color-name": "1.1.3"
      }
    },
    "color-name": {
      "version": "1.1.3",
      "resolved": "https://registry.npmjs.org/color-name/-/color-name-1.1.3.tgz",
      "integrity": "sha1-p9BVi9icQveV3UIyj3QIMcpTvCU="
    },
    "cssesc": {
      "version": "3.0.0",
      "resolved": "https://registry.npmjs.org/cssesc/-/cssesc-3.0.0.tgz",
      "integrity": "sha512-/Tb/JcjK111nNScGob5MNtsntNM1aCNUDipB/TkwZFhyDrrE47SOx/18wF2bbjgc3ZzCSKW1T5nt5EbFoAz/Vg=="
    },
    "escape-string-regexp": {
      "version": "1.0.5",
      "resolved": "https://registry.npmjs.org/escape-string-regexp/-/escape-string-regexp-1.0.5.tgz",
      "integrity": "sha1-G2HAViGQqN/2rjuyzwIAyhMLhtQ="
    },
    "has-flag": {
      "version": "3.0.0",
      "resolved": "https://registry.npmjs.org/has-flag/-/has-flag-3.0.0.tgz",
      "integrity": "sha1-tdRU3CGZriJWmfNGfloH87lVuv0="
    },
    "indexes-of": {
      "version": "1.0.1",
      "resolved": "https://registry.npmjs.org/indexes-of/-/indexes-of-1.0.1.tgz",
      "integrity": "sha1-8w9xbI4r00bHtn0985FVZqfAVgc="
    },
    "lodash": {
      "version": "4.17.15",
      "resolved": "https://registry.npmjs.org/lodash/-/lodash-4.17.15.tgz",
      "integrity": "sha512-8xOcRHvCjnocdS5cpwXQXVzmmh5e5+saE2QGoeQmbKmRS6J3VQppPOIt0MnmE+4xlZoumy0GPG0D0MVIQbNA1A=="
    },
    "postcss": {
      "version": "7.0.18",
      "resolved": "https://registry.npmjs.org/postcss/-/postcss-7.0.18.tgz",
      "integrity": "sha512-/7g1QXXgegpF+9GJj4iN7ChGF40sYuGYJ8WZu8DZWnmhQ/G36hfdk3q9LBJmoK+lZ+yzZ5KYpOoxq7LF1BxE8g==",
      "requires": {
        "chalk": "^2.4.2",
        "source-map": "^0.6.1",
        "supports-color": "^6.1.0"
      }
    },
    "postcss-media-query-parser": {
      "version": "0.2.3",
      "resolved": "https://registry.npmjs.org/postcss-media-query-parser/-/postcss-media-query-parser-0.2.3.tgz",
      "integrity": "sha1-J7Ocb02U+Bsac7j3Y1HGCeXO8kQ="
    },
    "postcss-resolve-nested-selector": {
      "version": "0.1.1",
      "resolved": "https://registry.npmjs.org/postcss-resolve-nested-selector/-/postcss-resolve-nested-selector-0.1.1.tgz",
      "integrity": "sha1-Kcy8fDfe36wwTp//C/FZaz9qDk4="
    },
    "postcss-selector-parser": {
      "version": "6.0.2",
      "resolved": "https://registry.npmjs.org/postcss-selector-parser/-/postcss-selector-parser-6.0.2.tgz",
      "integrity": "sha512-36P2QR59jDTOAiIkqEprfJDsoNrvwFei3eCqKd1Y0tUsBimsq39BLp7RD+JWny3WgB1zGhJX8XVePwm9k4wdBg==",
      "requires": {
        "cssesc": "^3.0.0",
        "indexes-of": "^1.0.1",
        "uniq": "^1.0.1"
      }
    },
    "postcss-sorting": {
      "version": "5.0.1",
      "resolved": "https://registry.npmjs.org/postcss-sorting/-/postcss-sorting-5.0.1.tgz",
      "integrity": "sha512-Y9fUFkIhfrm6i0Ta3n+89j56EFqaNRdUKqXyRp6kvTcSXnmgEjaVowCXH+JBe9+YKWqd4nc28r2sgwnzJalccA==",
      "requires": {
        "lodash": "^4.17.14",
        "postcss": "^7.0.17"
      }
    },
    "postcss-value-parser": {
      "version": "4.0.2",
      "resolved": "https://registry.npmjs.org/postcss-value-parser/-/postcss-value-parser-4.0.2.tgz",
      "integrity": "sha512-LmeoohTpp/K4UiyQCwuGWlONxXamGzCMtFxLq4W1nZVGIQLYvMCJx3yAF9qyyuFpflABI9yVdtJAqbihOsCsJQ=="
    },
    "source-map": {
      "version": "0.6.1",
      "resolved": "https://registry.npmjs.org/source-map/-/source-map-0.6.1.tgz",
      "integrity": "sha512-UjgapumWlbMhkBgzT7Ykc5YXUT46F0iKu8SGXq0bcwP5dz/h0Plj6enJqjz1Zbq2l5WaqYnrVbwWOWMyF3F47g=="
    },
    "stylelint-config-recommended": {
      "version": "3.0.0",
      "resolved": "https://registry.npmjs.org/stylelint-config-recommended/-/stylelint-config-recommended-3.0.0.tgz",
      "integrity": "sha512-F6yTRuc06xr1h5Qw/ykb2LuFynJ2IxkKfCMf+1xqPffkxh0S09Zc902XCffcsw/XMFq/OzQ1w54fLIDtmRNHnQ=="
    },
    "stylelint-config-recommended-scss": {
      "version": "4.0.0",
      "resolved": "https://registry.npmjs.org/stylelint-config-recommended-scss/-/stylelint-config-recommended-scss-4.0.0.tgz",
      "integrity": "sha512-aEy0ENUrH4ASgFCu2mMcqBUAX0l4CPXg0XucJXdW+I7mdqJ7ICddkxP1eamBNBZ1QToc/wsuLmTQcalk3qYpsw==",
      "requires": {
        "stylelint-config-recommended": "^3.0.0"
      }
    },
    "stylelint-config-standard": {
      "version": "19.0.0",
      "resolved": "https://registry.npmjs.org/stylelint-config-standard/-/stylelint-config-standard-19.0.0.tgz",
      "integrity": "sha512-VvcODsL1PryzpYteWZo2YaA5vU/pWfjqBpOvmeA8iB2MteZ/ZhI1O4hnrWMidsS4vmEJpKtjdhLdfGJmmZm6Cg==",
      "requires": {
        "stylelint-config-recommended": "^3.0.0"
      }
    },
    "stylelint-order": {
      "version": "3.1.1",
      "resolved": "https://registry.npmjs.org/stylelint-order/-/stylelint-order-3.1.1.tgz",
      "integrity": "sha512-4gP/r8j/6JGZ/LL41b2sYtQqfwZl4VSqTp7WeIwI67v/OXNQ08dnn64BGXNwAUSgb2+YIvIOxQaMzqMyQMzoyQ==",
      "requires": {
        "lodash": "^4.17.15",
        "postcss": "^7.0.17",
        "postcss-sorting": "^5.0.1"
      }
    },
    "stylelint-scss": {
      "version": "3.11.1",
      "resolved": "https://registry.npmjs.org/stylelint-scss/-/stylelint-scss-3.11.1.tgz",
      "integrity": "sha512-0FZNSfy5X2Or4VRA3Abwfrw1NHrI6jHT8ji9xSwP8Re2Kno0i90qbHwm8ohPO0kRB1RP9x1vCYBh4Tij+SZjIg==",
      "requires": {
        "lodash": "^4.17.15",
        "postcss-media-query-parser": "^0.2.3",
        "postcss-resolve-nested-selector": "^0.1.1",
        "postcss-selector-parser": "^6.0.2",
        "postcss-value-parser": "^4.0.2"
      }
    },
    "supports-color": {
      "version": "6.1.0",
      "resolved": "https://registry.npmjs.org/supports-color/-/supports-color-6.1.0.tgz",
      "integrity": "sha512-qe1jfm1Mg7Nq/NSh6XE24gPXROEVsWHxC1LIx//XNlD9iw7YZQGjZNjYN7xGaEG6iKdA8EtNFW6R0gjnVXp+wQ==",
      "requires": {
        "has-flag": "^3.0.0"
      }
    },
    "uniq": {
      "version": "1.0.1",
      "resolved": "https://registry.npmjs.org/uniq/-/uniq-1.0.1.tgz",
      "integrity": "sha1-sxxa6CVIRKOoKBVBzisEuGWnNP8="
    }
  }
}
